{
  "originHash" : "34e2279a86c4e7ab0e944a4609b5ad1b332a52fc25ea9ba44a4dadca57905c67",
  "pins" : [
    {
      "identity" : "mlx-swift",
      "kind" : "remoteSourceControl",
      "location" : "https://github.com/ml-explore/mlx-swift.git",
      "state" : {
        "revision" : "86ad75ab1ee96cd70325732b37cd830f87d7e43f",
        "version" : "0.16.1"
      }
    },
    {
      "identity" : "swift-argument-parser",
      "kind" : "remoteSourceControl",
      "location" : "https://github.com/apple/swift-argument-parser.git",
      "state" : {
        "revision" : "41982a3656a71c768319979febd796c6fd111d5c",
        "version" : "1.5.0"
      }
    },
    {
      "identity" : "swift-numerics",
      "kind" : "remoteSourceControl",
      "location" : "https://github.com/apple/swift-numerics",
      "state" : {
        "revision" : "0a5bc04095a675662cf24757cc0640aa2204253b",
        "version" : "1.0.2"
      }
    },
    {
      "identity" : "swift-transformers",
      "kind" : "remoteSourceControl",
      "location" : "https://github.com/huggingface/swift-transformers.git",
      "state" : {
        "revision" : "e72d032ed742dcc8b364780ce4e02b25ab7a09b0",
        "version" : "0.1.9"
      }
    }
  ],
  "version" : 3
}
